# THIS IS AN AUTOGENERATED FILE. DO NOT EDIT THIS FILE DIRECTLY.
# yarn lockfile v1


"js-tokens@^3.0.0 || ^4.0.0":
  version "4.0.0"
  resolved "https://registry.yarnpkg.com/js-tokens/-/js-tokens-4.0.0.tgz#19203fb59991df98e3a287050d4647cdeaf32499"
  integrity sha512-RdJUflcE3cUzKiMqQgsCu06FPu9UdIJO0beYbPhHN4k6apgJtifcoCtT9bcxOpYBtpD2kCM6Sbzg4CausW/PKQ==

loose-envify@^1.1.0:
  version "1.4.0"
  resolved "https://registry.yarnpkg.com/loose-envify/-/loose-envify-1.4.0.tgz#71ee51fa7be4caec1a63839f7e682d8132d30caf"
  integrity sha512-lyuxPGr/Wfhrlem2CL/UcnUc1zcqKAImBDzukY7Y5F/yQiNdko6+fRLevlw1HgMySw7f611UIY408EtxRSoK3Q==
  dependencies:
    js-tokens "^3.0.0 || ^4.0.0"

object-assign@^4.1.1:
  version "4.1.1"
  resolved "https://registry.yarnpkg.com/object-assign/-/object-assign-4.1.1.tgz#2109adc7965887cfc05cbbd442cac8bfbb360863"
  integrity sha1-IQmtx5ZYh8/AXLvUQsrIv7s2CGM=

"react-is@^16.12.0 || ^17.0.0 || ^18.0.0", react-is@^18.0.0:
  version "18.0.0"
  resolved "https://registry.yarnpkg.com/react-is/-/react-is-18.0.0.tgz#026f6c4a27dbe33bf4a35655b9e1327c4e55e3f5"
  integrity sha512-yUcBYdBBbo3QiPsgYDcfQcIkGZHfxOaoE6HLSnr1sPzMhdyxusbfKOSUbSd/ocGi32dxcj366PsTj+5oggeKKw==

react-shallow-renderer@^16.13.1:
  version "16.15.0"
  resolved "https://registry.yarnpkg.com/react-shallow-renderer/-/react-shallow-renderer-16.15.0.tgz#48fb2cf9b23d23cde96708fe5273a7d3446f4457"
  integrity sha512-oScf2FqQ9LFVQgA73vr86xl2NaOIX73rh+YFqcOp68CWj56tSfgtGKrEbyhCj0rSijyG9M1CYprTh39fBi5hzA==
  dependencies:
    object-assign "^4.1.1"
    react-is "^16.12.0 || ^17.0.0 || ^18.0.0"

react-test-renderer@^18.0.0:
  version "18.0.0"
  resolved "https://registry.yarnpkg.com/react-test-renderer/-/react-test-renderer-18.0.0.tgz#fa403d625ea9478a70ace43db88833f6c3a5bb4c"
  integrity sha512-SyZTP/FSkwfiKOZuTZiISzsrC8A80KNlQ8PyyoGoOq+VzMAab6Em1POK/CiX3+XyXG6oiJa1C53zYDbdrJu9fw==
  dependencies:
    react-is "^18.0.0"
    react-shallow-renderer "^16.13.1"
    scheduler "^0.21.0"

scheduler@^0.21.0:
  version "0.21.0"
  resolved "https://registry.yarnpkg.com/scheduler/-/scheduler-0.21.0.tgz#6fd2532ff5a6d877b6edb12f00d8ab7e8f308820"
  integrity sha512-1r87x5fz9MXqswA2ERLo0EbOAU74DpIUO090gIasYTqlVoJeMcl+Z1Rg7WHz+qtPujhS/hGIt9kxZOYBV3faRQ==
  dependencies:
    loose-envify "^1.1.0"
